// !$*UTF8*$!
{
	archiveVersion = 1;
	classes = {
	};
	objectVersion = 46;
	objects = {

/* Begin PBXBuildFile section */
		A455B4711E88F50B00122D96 /* main.m in Sources */ = {isa = PBXBuildFile; fileRef = A455B4701E88F50B00122D96 /* main.m */; };
		A455B4741E88F50B00122D96 /* AppDelegate.m in Sources */ = {isa = PBXBuildFile; fileRef = A455B4731E88F50B00122D96 /* AppDelegate.m */; };
		A455B4771E88F50B00122D96 /* ViewController.m in Sources */ = {isa = PBXBuildFile; fileRef = A455B4761E88F50B00122D96 /* ViewController.m */; };
		A455B47A1E88F50B00122D96 /* Main.storyboard in Resources */ = {isa = PBXBuildFile; fileRef = A455B4781E88F50B00122D96 /* Main.storyboard */; };
		A455B47C1E88F50B00122D96 /* Assets.xcassets in Resources */ = {isa = PBXBuildFile; fileRef = A455B47B1E88F50B00122D96 /* Assets.xcassets */; };
		A455B47F1E88F50B00122D96 /* LaunchScreen.storyboard in Resources */ = {isa = PBXBuildFile; fileRef = A455B47D1E88F50B00122D96 /* LaunchScreen.storyboard */; };
		A4FE84461E8DE344008B1B3E /* LWQScrollText.m in Sources */ = {isa = PBXBuildFile; fileRef = A4FE84451E8DE344008B1B3E /* LWQScrollText.m */; };
/* End PBXBuildFile section */

/* Begin PBXFileReference section */
		A455B46C1E88F50B00122D96 /* 滚动文字.app */ = {isa = PBXFileReference; explicitFileType = wrapper.application; includeInIndex = 0; path = "滚动文字.app"; sourceTree = BUILT_PRODUCTS_DIR; };
		A455B4701E88F50B00122D96 /* main.m */ = {isa = PBXFileReference; lastKnownFileType = sourcecode.c.objc; path = main.m; sourceTree = "<group>"; };
		A455B4721E88F50B00122D96 /* AppDelegate.h */ = {isa = PBXFileReference; lastKnownFileType = sourcecode.c.h; path = AppDelegate.h; sourceTree = "<group>"; };
		A455B4731E88F50B00122D96 /* AppDelegate.m */ = {isa = PBXFileReference; lastKnownFileType = sourcecode.c.objc; path = AppDelegate.m; sourceTree = "<group>"; };
		A455B4751E88F50B00122D96 /* ViewController.h */ = {isa = PBXFileReference; lastKnownFileType = sourcecode.c.h; path = ViewController.h; sourceTree = "<group>"; };
		A455B4761E88F50B00122D96 /* ViewController.m */ = {isa = PBXFileReference; lastKnownFileType = sourcecode.c.objc; path = ViewController.m; sourceTree = "<group>"; };
		A455B4791E88F50B00122D96 /* Base */ = {isa = PBXFileReference; lastKnownFileType = file.storyboard; name = Base; path = Base.lproj/Main.storyboard; sourceTree = "<group>"; };
		A455B47B1E88F50B00122D96 /* Assets.xcassets */ = {isa = PBXFileReference; lastKnownFileType = folder.assetcatalog; path = Assets.xcassets; sourceTree = "<group>"; };
		A455B47E1E88F50B00122D96 /* Base */ = {isa = PBXFileReference; lastKnownFileType = file.storyboard; name = Base; path = Base.lproj/LaunchScreen.storyboard; sourceTree = "<group>"; };
		A455B4801E88F50B00122D96 /* Info.plist */ = {isa = PBXFileReference; lastKnownFileType = text.plist.xml; path = Info.plist; sourceTree = "<group>"; };
		A4FE84441E8DE344008B1B3E /* LWQScrollText.h */ = {isa = PBXFileReference; fileEncoding = 4; lastKnownFileType = sourcecode.c.h; path = LWQScrollText.h; sourceTree = "<group>"; };
		A4FE84451E8DE344008B1B3E /* LWQScrollText.m */ = {isa = PBXFileReference; fileEncoding = 4; lastKnownFileType = sourcecode.c.objc; path = LWQScrollText.m; sourceTree = "<group>"; };
/* End PBXFileReference section */

/* Begin PBXFrameworksBuildPhase section */
		A455B4691E88F50B00122D96 /* Frameworks */ = {
			isa = PBXFrameworksBuildPhase;
			buildActionMask = 2147483647;
			files = (
			);
			runOnlyForDeploymentPostprocessing = 0;
		};
/* End PBXFrameworksBuildPhase section */

/* Begin PBXGroup section */
		A455B4631E88F50B00122D96 = {
			isa = PBXGroup;
			children = (
				A455B46E1E88F50B00122D96 /* 滚动文字 */,
				A455B46D1E88F50B00122D96 /* Products */,
			);
			sourceTree = "<group>";
		};
		A455B46D1E88F50B00122D96 /* Products */ = {
			isa = PBXGroup;
			children = (
				A455B46C1E88F50B00122D96 /* 滚动文字.app */,
			);
			name = Products;
			sourceTree = "<group>";
		};
		A455B46E1E88F50B00122D96 /* 滚动文字 */ = {
			isa = PBXGroup;
			children = (
				A4FE84431E8DE344008B1B3E /* ScrollText */,
				A455B4721E88F50B00122D96 /* AppDelegate.h */,
				A455B4731E88F50B00122D96 /* AppDelegate.m */,
				A455B4751E88F50B00122D96 /* ViewController.h */,
				A455B4761E88F50B00122D96 /* ViewController.m */,
				A455B4781E88F50B00122D96 /* Main.storyboard */,
				A455B47B1E88F50B00122D96 /* Assets.xcassets */,
				A455B47D1E88F50B00122D96 /* LaunchScreen.storyboard */,
				A455B4801E88F50B00122D96 /* Info.plist */,
				A455B46F1E88F50B00122D96 /* Supporting Files */,
			);
			path = "滚动文字";
			sourceTree = "<group>";
		};
		A455B46F1E88F50B00122D96 /* Supporting Files */ = {
			isa = PBXGroup;
			children = (
				A455B4701E88F50B00122D96 /* main.m */,
			);
			name = "Supporting Files";
			sourceTree = "<group>";
		};
		A4FE84431E8DE344008B1B3E /* ScrollText */ = {
			isa = PBXGroup;
			children = (
				A4FE84441E8DE344008B1B3E /* LWQScrollText.h */,
				A4FE84451E8DE344008B1B3E /* LWQScrollText.m */,
			);
			path = ScrollText;
			sourceTree = "<group>";
		};
/* End PBXGroup section */

/* Begin PBXNativeTarget section */
		A455B46B1E88F50B00122D96 /* 滚动文字 */ = {
			isa = PBXNativeTarget;
			buildConfigurationList = A455B4831E88F50B00122D96 /* Build configuration list for PBXNativeTarget "滚动文字" */;
			buildPhases = (
				A455B4681E88F50B00122D96 /* Sources */,
				A455B4691E88F50B00122D96 /* Frameworks */,
				A455B46A1E88F50B00122D96 /* Resources */,
			);
			buildRules = (
			);
			dependencies = (
			);
			name = "滚动文字";
			productName = "滚动文字";
			productReference = A455B46C1E88F50B00122D96 /* 滚动文字.app */;
			productType = "com.apple.product-type.application";
		};
/* End PBXNativeTarget section */

/* Begin PBXProject section */
		A455B4641E88F50B00122D96 /* Project object */ = {
			isa = PBXProject;
			attributes = {
				LastUpgradeCheck = 0820;
				ORGANIZATIONNAME = "罗文琦";
				TargetAttributes = {
					A455B46B1E88F50B00122D96 = {
						CreatedOnToolsVersion = 8.2.1;
						ProvisioningStyle = Automatic;
					};
				};
			};
			buildConfigurationList = A455B4671E88F50B00122D96 /* Build configuration list for PBXProject "滚动文字" */;
			compatibilityVersion = "Xcode 3.2";
			developmentRegion = English;
			hasScannedForEncodings = 0;
			knownRegions = (
				en,
				Base,
			);
			mainGroup = A455B4631E88F50B00122D96;
			productRefGroup = A455B46D1E88F50B00122D96 /* Products */;
			projectDirPath = "";
			projectRoot = "";
			targets = (
				A455B46B1E88F50B00122D96 /* 滚动文字 */,
			);
		};
/* End PBXProject section */

/* Begin PBXResourcesBuildPhase section */
		A455B46A1E88F50B00122D96 /* Resources */ = {
			isa = PBXResourcesBuildPhase;
			buildActionMask = 2147483647;
			files = (
				A455B47F1E88F50B00122D96 /* LaunchScreen.storyboard in Resources */,
				A455B47C1E88F50B00122D96 /* Assets.xcassets in Resources */,
				A455B47A1E88F50B00122D96 /* Main.storyboard in Resources */,
			);
			runOnlyForDeploymentPostprocessing = 0;
		};
/* End PBXResourcesBuildPhase section */

/* Begin PBXSourcesBuildPhase section */
		A455B4681E88F50B00122D96 /* Sources */ = {
			isa = PBXSourcesBuildPhase;
			buildActionMask = 2147483647;
			files = (
				A455B4771E88F50B00122D96 /* ViewController.m in Sources */,
				A455B4741E88F50B00122D96 /* AppDelegate.m in Sources */,
				A4FE84461E8DE344008B1B3E /* LWQScrollText.m in Sources */,
				A455B4711E88F50B00122D96 /* main.m in Sources */,
			);
			runOnlyForDeploymentPostprocessing = 0;
		};
/* End PBXSourcesBuildPhase section */

/* Begin PBXVariantGroup section */
		A455B4781E88F50B00122D96 /* Main.storyboard */ = {
			isa = PBXVariantGroup;
			children = (
				A455B4791E88F50B00122D96 /* Base */,
			);
			name = Main.storyboard;
			sourceTree = "<group>";
		};
		A455B47D1E88F50B00122D96 /* LaunchScreen.storyboard */ = {
			isa = PBXVariantGroup;
			children = (
				A455B47E1E88F50B00122D96 /* Base */,
			);
			name = LaunchScreen.storyboard;
			sourceTree = "<group>";
		};
/* End PBXVariantGroup section */

/* Begin XCBuildConfiguration section */
		A455B4811E88F50B00122D96 /* Debug */ = {
			isa = XCBuildConfiguration;
			buildSettings = {
				ALWAYS_SEARCH_USER_PATHS = NO;
				CLANG_ANALYZER_NONNULL = YES;
				CLANG_CXX_LANGUAGE_STANDARD = "gnu++0x";
				CLANG_CXX_LIBRARY = "libc++";
				CLANG_ENABLE_MODULES = YES;
				CLANG_ENABLE_OBJC_ARC = YES;
				CLANG_WARN_BOOL_CONVERSION = YES;
				CLANG_WARN_CONSTANT_CONVERSION = YES;
				CLANG_WARN_DIRECT_OBJC_ISA_USAGE = YES_ERROR;
				CLANG_WARN_DOCUMENTATION_COMMENTS = YES;
				CLANG_WARN_EMPTY_BODY = YES;
				CLANG_WARN_ENUM_CONVERSION = YES;
				CLANG_WARN_INFINITE_RECURSION = YES;
				CLANG_WARN_INT_CONVERSION = YES;
				CLANG_WARN_OBJC_ROOT_CLASS = YES_ERROR;
				CLANG_WARN_SUSPICIOUS_MOVE = YES;
				CLANG_WARN_UNREACHABLE_CODE = YES;
				CLANG_WARN__DUPLICATE_METHOD_MATCH = YES;
				"CODE_SIGN_IDENTITY[sdk=iphoneos*]" = "iPhone Developer";
				COPY_PHASE_STRIP = NO;
				DEBUG_INFORMATION_FORMAT = dwarf;
				ENABLE_STRICT_OBJC_MSGSEND = YES;
				ENABLE_TESTABILITY = YES;
				GCC_C_LANGUAGE_STANDARD = gnu99;
				GCC_DYNAMIC_NO_PIC = NO;
				GCC_NO_COMMON_BLOCKS = YES;
				GCC_OPTIMIZATION_LEVEL = 0;
				GCC_PREPROCESSOR_DEFINITIONS = (
					"DEBUG=1",
					"$(inherited)",
				);
				GCC_WARN_64_TO_32_BIT_CONVERSION = YES;
				GCC_WARN_ABOUT_RETURN_TYPE = YES_ERROR;
				GCC_WARN_UNDECLARED_SELECTOR = YES;
				GCC_WARN_UNINITIALIZED_AUTOS = YES_AGGRESSIVE;
				GCC_WARN_UNUSED_FUNCTION = YES;
				GCC_WARN_UNUSED_VARIABLE = YES;
				IPHONEOS_DEPLOYMENT_TARGET = 10.2;
				MTL_ENABLE_DEBUG_INFO = YES;
				ONLY_ACTIVE_ARCH = YES;
				SDKROOT = iphoneos;
				TARGETED_DEVICE_FAMILY = "1,2";
			};
			name = Debug;
		};
		A455B4821E88F50B00122D96 /* Release */ = {
			isa = XCBuildConfiguration;
			buildSettings = {
				ALWAYS_SEARCH_USER_PATHS = NO;
				CLANG_ANALYZER_NONNULL = YES;
				CLANG_CXX_LANGUAGE_STANDARD = "gnu++0x";
				CLANG_CXX_LIBRARY = "libc++";
				CLANG_ENABLE_MODULES = YES;
				CLANG_ENABLE_OBJC_ARC = YES;
				CLANG_WARN_BOOL_CONVERSION = YES;
				CLANG_WARN_CONSTANT_CONVERSION = YES;
				CLANG_WARN_DIRECT_OBJC_ISA_USAGE = YES_ERROR;
				CLANG_WARN_DOCUMENTATION_COMMENTS = YES;
				CLANG_WARN_EMPTY_BODY = YES;
				CLANG_WARN_ENUM_CONVERSION = YES;
				CLANG_WARN_INFINITE_RECURSION = YES;
				CLANG_WARN_INT_CONVERSION = YES;
				CLANG_WARN_OBJC_ROOT_CLASS = YES_ERROR;
				CLANG_WARN_SUSPICIOUS_MOVE = YES;
				CLANG_WARN_UNREACHABLE_CODE = YES;
				CLANG_WARN__DUPLICATE_METHOD_MATCH = YES;
				"CODE_SIGN_IDENTITY[sdk=iphoneos*]" = "iPhone Developer";
				COPY_PHASE_STRIP = NO;
				DEBUG_INFORMATION_FORMAT = "dwarf-with-dsym";
				ENABLE_NS_ASSERTIONS = NO;
				ENABLE_STRICT_OBJC_MSGSEND = YES;
				GCC_C_LANGUAGE_STANDARD = gnu99;
				GCC_NO_COMMON_BLOCKS = YES;
				GCC_WARN_64_TO_32_BIT_CONVERSION = YES;
				GCC_WARN_ABOUT_RETURN_TYPE = YES_ERROR;
				GCC_WARN_UNDECLARED_SELECTOR = YES;
				GCC_WARN_UNINITIALIZED_AUTOS = YES_AGGRESSIVE;
				GCC_WARN_UNUSED_FUNCTION = YES;
				GCC_WARN_UNUSED_VARIABLE = YES;
				IPHONEOS_DEPLOYMENT_TARGET = 10.2;
				MTL_ENABLE_DEBUG_INFO = NO;
				SDKROOT = iphoneos;
				TARGETED_DEVICE_FAMILY = "1,2";
				VALIDATE_PRODUCT = YES;
			};
			name = Release;
		};
		A455B4841E88F50B00122D96 /* Debug */ = {
			isa = XCBuildConfiguration;
			buildSettings = {
				ASSETCATALOG_COMPILER_APPICON_NAME = AppIcon;
				INFOPLIST_FILE = "滚动文字/Info.plist";
				LD_RUNPATH_SEARCH_PATHS = "$(inherited) @executable_path/Frameworks";
				PRODUCT_BUNDLE_IDENTIFIER = "com.luowenqi.----";
				PRODUCT_NAME = "$(TARGET_NAME)";
			};
			name = Debug;
		};
		A455B4851E88F50B00122D96 /* Release */ = {
			isa = XCBuildConfiguration;
			buildSettings = {
				ASSETCATALOG_COMPILER_APPICON_NAME = AppIcon;
				INFOPLIST_FILE = "滚动文字/Info.plist";
				LD_RUNPATH_SEARCH_PATHS = "$(inherited) @executable_path/Frameworks";
				PRODUCT_BUNDLE_IDENTIFIER = "com.luowenqi.----";
				PRODUCT_NAME = "$(TARGET_NAME)";
			};
			name = Release;
		};
/* End XCBuildConfiguration section */

/* Begin XCConfigurationList section */
		A455B4671E88F50B00122D96 /* Build configuration list for PBXProject "滚动文字" */ = {
			isa = XCConfigurationList;
			buildConfigurations = (
				A455B4811E88F50B00122D96 /* Debug */,
				A455B4821E88F50B00122D96 /* Release */,
			);
			defaultConfigurationIsVisible = 0;
			defaultConfigurationName = Release;
		};
		A455B4831E88F50B00122D96 /* Build configuration list for PBXNativeTarget "滚动文字" */ = {
			isa = XCConfigurationList;
			buildConfigurations = (
				A455B4841E88F50B00122D96 /* Debug */,
				A455B4851E88F50B00122D96 /* Release */,
			);
			defaultConfigurationIsVisible = 0;
			defaultConfigurationName = Release;
		};
/* End XCConfigurationList section */
	};
	rootObject = A455B4641E88F50B00122D96 /* Project object */;
}
